
Microsoft Visual Studio Solution File, Format Version 12.00
# Visual Studio 2013
VisualStudioVersion = 12.0.31101.0
MinimumVisualStudioVersion = 10.0.40219.1
Project("{FAE04EC0-301F-11D3-BF4B-00C04F79EFBC}") = "CreditSeeker", "CreditSeeker\CreditSeeker.csproj", "{2B52EF27-08DE-4017-B17E-FEAEAD3054B5}"
EndProject
Project("{2150E333-8FDC-42A3-9474-1A3956D46DE8}") = "PublishScripts", "PublishScripts", "{7DCBE4A9-C989-4D15-B399-8950AAC8FA2B}"
	ProjectSection(SolutionItems) = preProject
		PublishScripts\AzureWebsitePublishModule.psm1 = PublishScripts\AzureWebsitePublishModule.psm1
		PublishScripts\Publish-WebApplicationWebsite.ps1 = PublishScripts\Publish-WebApplicationWebsite.ps1
	EndProjectSection
EndProject
Project("{2150E333-8FDC-42A3-9474-1A3956D46DE8}") = "Configurations", "Configurations", "{955FB39D-60F2-4B94-86B3-7E2743F5A255}"
	ProjectSection(SolutionItems) = preProject
		PublishScripts\Configurations\CreditSeeker-WAWS-dev.json = PublishScripts\Configurations\CreditSeeker-WAWS-dev.json
	EndProjectSection
EndProject
Global
	GlobalSection(SolutionConfigurationPlatforms) = preSolution
		Debug|Any CPU = Debug|Any CPU
		Release|Any CPU = Release|Any CPU
	EndGlobalSection
	GlobalSection(ProjectConfigurationPlatforms) = postSolution
		{2B52EF27-08DE-4017-B17E-FEAEAD3054B5}.Debug|Any CPU.ActiveCfg = Debug|Any CPU
		{2B52EF27-08DE-4017-B17E-FEAEAD3054B5}.Debug|Any CPU.Build.0 = Debug|Any CPU
		{2B52EF27-08DE-4017-B17E-FEAEAD3054B5}.Release|Any CPU.ActiveCfg = Release|Any CPU
		{2B52EF27-08DE-4017-B17E-FEAEAD3054B5}.Release|Any CPU.Build.0 = Release|Any CPU
	EndGlobalSection
	GlobalSection(SolutionProperties) = preSolution
		HideSolutionNode = FALSE
	EndGlobalSection
	GlobalSection(NestedProjects) = preSolution
		{955FB39D-60F2-4B94-86B3-7E2743F5A255} = {7DCBE4A9-C989-4D15-B399-8950AAC8FA2B}
	EndGlobalSection
EndGlobal
